
Microsoft Visual Studio Solution File, Format Version 12.00
# TcXaeShell Solution File, Format Version 11.00
VisualStudioVersion = 17.7.34302.85
MinimumVisualStudioVersion = 10.0.40219.1
Project("{B1E792BE-AA5F-4E3C-8C82-674BF9C0715B}") = "Ingestion", "Ingestion.tsproj", "{CCE8FAF7-1C59-443C-A783-C4F25AA8305D}"
EndProject
Global
	GlobalSection(SolutionConfigurationPlatforms) = preSolution
		Debug|TwinCAT OS (ARMV7-A) = Debug|TwinCAT OS (ARMV7-A)
		Debug|TwinCAT OS (ARMV7-M) = Debug|TwinCAT OS (ARMV7-M)
		Debug|TwinCAT OS (ARMV8-A) = Debug|TwinCAT OS (ARMV8-A)
		Debug|TwinCAT OS (x64) = Debug|TwinCAT OS (x64)
		Debug|TwinCAT RT (x64) = Debug|TwinCAT RT (x64)
		Debug|TwinCAT RT (x86) = Debug|TwinCAT RT (x86)
		Release|TwinCAT OS (ARMV7-A) = Release|TwinCAT OS (ARMV7-A)
		Release|TwinCAT OS (ARMV7-M) = Release|TwinCAT OS (ARMV7-M)
		Release|TwinCAT OS (ARMV8-A) = Release|TwinCAT OS (ARMV8-A)
		Release|TwinCAT OS (x64) = Release|TwinCAT OS (x64)
		Release|TwinCAT RT (x64) = Release|TwinCAT RT (x64)
		Release|TwinCAT RT (x86) = Release|TwinCAT RT (x86)
	EndGlobalSection
	GlobalSection(ProjectConfigurationPlatforms) = postSolution
		{CCE8FAF7-1C59-443C-A783-C4F25AA8305D}.Debug|TwinCAT OS (ARMV7-A).ActiveCfg = Debug|TwinCAT OS (ARMV7-A)
		{CCE8FAF7-1C59-443C-A783-C4F25AA8305D}.Debug|TwinCAT OS (ARMV7-A).Build.0 = Debug|TwinCAT OS (ARMV7-A)
		{CCE8FAF7-1C59-443C-A783-C4F25AA8305D}.Debug|TwinCAT OS (ARMV7-M).ActiveCfg = Debug|TwinCAT OS (ARMV7-M)
		{CCE8FAF7-1C59-443C-A783-C4F25AA8305D}.Debug|TwinCAT OS (ARMV7-M).Build.0 = Debug|TwinCAT OS (ARMV7-M)
		{CCE8FAF7-1C59-443C-A783-C4F25AA8305D}.Debug|TwinCAT OS (ARMV8-A).ActiveCfg = Debug|TwinCAT OS (ARMV8-A)
		{CCE8FAF7-1C59-443C-A783-C4F25AA8305D}.Debug|TwinCAT OS (ARMV8-A).Build.0 = Debug|TwinCAT OS (ARMV8-A)
		{CCE8FAF7-1C59-443C-A783-C4F25AA8305D}.Debug|TwinCAT OS (x64).ActiveCfg = Debug|TwinCAT OS (x64)
		{CCE8FAF7-1C59-443C-A783-C4F25AA8305D}.Debug|TwinCAT OS (x64).Build.0 = Debug|TwinCAT OS (x64)
		{CCE8FAF7-1C59-443C-A783-C4F25AA8305D}.Debug|TwinCAT RT (x64).ActiveCfg = Debug|TwinCAT RT (x64)
		{CCE8FAF7-1C59-443C-A783-C4F25AA8305D}.Debug|TwinCAT RT (x64).Build.0 = Debug|TwinCAT RT (x64)
		{CCE8FAF7-1C59-443C-A783-C4F25AA8305D}.Debug|TwinCAT RT (x86).ActiveCfg = Debug|TwinCAT RT (x86)
		{CCE8FAF7-1C59-443C-A783-C4F25AA8305D}.Debug|TwinCAT RT (x86).Build.0 = Debug|TwinCAT RT (x86)
		{CCE8FAF7-1C59-443C-A783-C4F25AA8305D}.Release|TwinCAT OS (ARMV7-A).ActiveCfg = Release|TwinCAT OS (ARMV7-A)
		{CCE8FAF7-1C59-443C-A783-C4F25AA8305D}.Release|TwinCAT OS (ARMV7-A).Build.0 = Release|TwinCAT OS (ARMV7-A)
		{CCE8FAF7-1C59-443C-A783-C4F25AA8305D}.Release|TwinCAT OS (ARMV7-M).ActiveCfg = Release|TwinCAT OS (ARMV7-M)
		{CCE8FAF7-1C59-443C-A783-C4F25AA8305D}.Release|TwinCAT OS (ARMV7-M).Build.0 = Release|TwinCAT OS (ARMV7-M)
		{CCE8FAF7-1C59-443C-A783-C4F25AA8305D}.Release|TwinCAT OS (ARMV8-A).ActiveCfg = Release|TwinCAT OS (ARMV8-A)
		{CCE8FAF7-1C59-443C-A783-C4F25AA8305D}.Release|TwinCAT OS (ARMV8-A).Build.0 = Release|TwinCAT OS (ARMV8-A)
		{CCE8FAF7-1C59-443C-A783-C4F25AA8305D}.Release|TwinCAT OS (x64).ActiveCfg = Release|TwinCAT OS (x64)
		{CCE8FAF7-1C59-443C-A783-C4F25AA8305D}.Release|TwinCAT OS (x64).Build.0 = Release|TwinCAT OS (x64)
		{CCE8FAF7-1C59-443C-A783-C4F25AA8305D}.Release|TwinCAT RT (x64).ActiveCfg = Release|TwinCAT RT (x64)
		{CCE8FAF7-1C59-443C-A783-C4F25AA8305D}.Release|TwinCAT RT (x64).Build.0 = Release|TwinCAT RT (x64)
		{CCE8FAF7-1C59-443C-A783-C4F25AA8305D}.Release|TwinCAT RT (x86).ActiveCfg = Release|TwinCAT RT (x86)
		{CCE8FAF7-1C59-443C-A783-C4F25AA8305D}.Release|TwinCAT RT (x86).Build.0 = Release|TwinCAT RT (x86)
		{C3914C85-8E07-41AA-979E-BFD1FA0B8413}.Debug|TwinCAT OS (ARMV7-A).ActiveCfg = Debug|TwinCAT OS (ARMV7-A)
		{C3914C85-8E07-41AA-979E-BFD1FA0B8413}.Debug|TwinCAT OS (ARMV7-A).Build.0 = Debug|TwinCAT OS (ARMV7-A)
		{C3914C85-8E07-41AA-979E-BFD1FA0B8413}.Debug|TwinCAT OS (ARMV7-M).ActiveCfg = Debug|TwinCAT OS (ARMV7-M)
		{C3914C85-8E07-41AA-979E-BFD1FA0B8413}.Debug|TwinCAT OS (ARMV7-M).Build.0 = Debug|TwinCAT OS (ARMV7-M)
		{C3914C85-8E07-41AA-979E-BFD1FA0B8413}.Debug|TwinCAT OS (ARMV8-A).ActiveCfg = Debug|TwinCAT OS (ARMV8-A)
		{C3914C85-8E07-41AA-979E-BFD1FA0B8413}.Debug|TwinCAT OS (ARMV8-A).Build.0 = Debug|TwinCAT OS (ARMV8-A)
		{C3914C85-8E07-41AA-979E-BFD1FA0B8413}.Debug|TwinCAT OS (x64).ActiveCfg = Debug|TwinCAT OS (x64)
		{C3914C85-8E07-41AA-979E-BFD1FA0B8413}.Debug|TwinCAT OS (x64).Build.0 = Debug|TwinCAT OS (x64)
		{C3914C85-8E07-41AA-979E-BFD1FA0B8413}.Debug|TwinCAT RT (x64).ActiveCfg = Debug|TwinCAT RT (x64)
		{C3914C85-8E07-41AA-979E-BFD1FA0B8413}.Debug|TwinCAT RT (x64).Build.0 = Debug|TwinCAT RT (x64)
		{C3914C85-8E07-41AA-979E-BFD1FA0B8413}.Debug|TwinCAT RT (x86).ActiveCfg = Debug|TwinCAT RT (x86)
		{C3914C85-8E07-41AA-979E-BFD1FA0B8413}.Debug|TwinCAT RT (x86).Build.0 = Debug|TwinCAT RT (x86)
		{C3914C85-8E07-41AA-979E-BFD1FA0B8413}.Release|TwinCAT OS (ARMV7-A).ActiveCfg = Release|TwinCAT OS (ARMV7-A)
		{C3914C85-8E07-41AA-979E-BFD1FA0B8413}.Release|TwinCAT OS (ARMV7-A).Build.0 = Release|TwinCAT OS (ARMV7-A)
		{C3914C85-8E07-41AA-979E-BFD1FA0B8413}.Release|TwinCAT OS (ARMV7-M).ActiveCfg = Release|TwinCAT OS (ARMV7-M)
		{C3914C85-8E07-41AA-979E-BFD1FA0B8413}.Release|TwinCAT OS (ARMV7-M).Build.0 = Release|TwinCAT OS (ARMV7-M)
		{C3914C85-8E07-41AA-979E-BFD1FA0B8413}.Release|TwinCAT OS (ARMV8-A).ActiveCfg = Release|TwinCAT OS (ARMV8-A)
		{C3914C85-8E07-41AA-979E-BFD1FA0B8413}.Release|TwinCAT OS (ARMV8-A).Build.0 = Release|TwinCAT OS (ARMV8-A)
		{C3914C85-8E07-41AA-979E-BFD1FA0B8413}.Release|TwinCAT OS (x64).ActiveCfg = Release|TwinCAT OS (x64)
		{C3914C85-8E07-41AA-979E-BFD1FA0B8413}.Release|TwinCAT OS (x64).Build.0 = Release|TwinCAT OS (x64)
		{C3914C85-8E07-41AA-979E-BFD1FA0B8413}.Release|TwinCAT RT (x64).ActiveCfg = Release|TwinCAT RT (x64)
		{C3914C85-8E07-41AA-979E-BFD1FA0B8413}.Release|TwinCAT RT (x64).Build.0 = Release|TwinCAT RT (x64)
		{C3914C85-8E07-41AA-979E-BFD1FA0B8413}.Release|TwinCAT RT (x86).ActiveCfg = Release|TwinCAT RT (x86)
		{C3914C85-8E07-41AA-979E-BFD1FA0B8413}.Release|TwinCAT RT (x86).Build.0 = Release|TwinCAT RT (x86)
	EndGlobalSection
	GlobalSection(SolutionProperties) = preSolution
		HideSolutionNode = FALSE
	EndGlobalSection
	GlobalSection(ExtensibilityGlobals) = postSolution
		SolutionGuid = {BE05C236-A46F-4649-9F1B-332B26E208FA}
	EndGlobalSection
EndGlobal
