
Microsoft Visual Studio Solution File, Format Version 12.00
# TcXaeShell Solution File, Format Version 11.00
VisualStudioVersion = 17.7.34302.85
MinimumVisualStudioVersion = 10.0.40219.1
Project("{B1E792BE-AA5F-4E3C-8C82-674BF9C0715B}") = "Ping", "Ping.tsproj", "{97B30DFE-3E17-4E6F-854E-5A240E5DBCA6}"
EndProject
Global
	GlobalSection(SolutionConfigurationPlatforms) = preSolution
		Debug|TwinCAT OS (ARMV7-A) = Debug|TwinCAT OS (ARMV7-A)
		Debug|TwinCAT OS (ARMV7-M) = Debug|TwinCAT OS (ARMV7-M)
		Debug|TwinCAT OS (ARMV8-A) = Debug|TwinCAT OS (ARMV8-A)
		Debug|TwinCAT OS (x64) = Debug|TwinCAT OS (x64)
		Debug|TwinCAT RT (x64) = Debug|TwinCAT RT (x64)
		Debug|TwinCAT RT (x86) = Debug|TwinCAT RT (x86)
		Release|TwinCAT OS (ARMV7-A) = Release|TwinCAT OS (ARMV7-A)
		Release|TwinCAT OS (ARMV7-M) = Release|TwinCAT OS (ARMV7-M)
		Release|TwinCAT OS (ARMV8-A) = Release|TwinCAT OS (ARMV8-A)
		Release|TwinCAT OS (x64) = Release|TwinCAT OS (x64)
		Release|TwinCAT RT (x64) = Release|TwinCAT RT (x64)
		Release|TwinCAT RT (x86) = Release|TwinCAT RT (x86)
	EndGlobalSection
	GlobalSection(ProjectConfigurationPlatforms) = postSolution
		{97B30DFE-3E17-4E6F-854E-5A240E5DBCA6}.Debug|TwinCAT OS (ARMV7-A).ActiveCfg = Debug|TwinCAT OS (ARMV7-A)
		{97B30DFE-3E17-4E6F-854E-5A240E5DBCA6}.Debug|TwinCAT OS (ARMV7-A).Build.0 = Debug|TwinCAT OS (ARMV7-A)
		{97B30DFE-3E17-4E6F-854E-5A240E5DBCA6}.Debug|TwinCAT OS (ARMV7-M).ActiveCfg = Debug|TwinCAT OS (ARMV7-M)
		{97B30DFE-3E17-4E6F-854E-5A240E5DBCA6}.Debug|TwinCAT OS (ARMV7-M).Build.0 = Debug|TwinCAT OS (ARMV7-M)
		{97B30DFE-3E17-4E6F-854E-5A240E5DBCA6}.Debug|TwinCAT OS (ARMV8-A).ActiveCfg = Debug|TwinCAT OS (ARMV8-A)
		{97B30DFE-3E17-4E6F-854E-5A240E5DBCA6}.Debug|TwinCAT OS (ARMV8-A).Build.0 = Debug|TwinCAT OS (ARMV8-A)
		{97B30DFE-3E17-4E6F-854E-5A240E5DBCA6}.Debug|TwinCAT OS (x64).ActiveCfg = Debug|TwinCAT OS (x64)
		{97B30DFE-3E17-4E6F-854E-5A240E5DBCA6}.Debug|TwinCAT OS (x64).Build.0 = Debug|TwinCAT OS (x64)
		{97B30DFE-3E17-4E6F-854E-5A240E5DBCA6}.Debug|TwinCAT RT (x64).ActiveCfg = Debug|TwinCAT RT (x64)
		{97B30DFE-3E17-4E6F-854E-5A240E5DBCA6}.Debug|TwinCAT RT (x64).Build.0 = Debug|TwinCAT RT (x64)
		{97B30DFE-3E17-4E6F-854E-5A240E5DBCA6}.Debug|TwinCAT RT (x86).ActiveCfg = Debug|TwinCAT RT (x86)
		{97B30DFE-3E17-4E6F-854E-5A240E5DBCA6}.Debug|TwinCAT RT (x86).Build.0 = Debug|TwinCAT RT (x86)
		{97B30DFE-3E17-4E6F-854E-5A240E5DBCA6}.Release|TwinCAT OS (ARMV7-A).ActiveCfg = Release|TwinCAT OS (ARMV7-A)
		{97B30DFE-3E17-4E6F-854E-5A240E5DBCA6}.Release|TwinCAT OS (ARMV7-A).Build.0 = Release|TwinCAT OS (ARMV7-A)
		{97B30DFE-3E17-4E6F-854E-5A240E5DBCA6}.Release|TwinCAT OS (ARMV7-M).ActiveCfg = Release|TwinCAT OS (ARMV7-M)
		{97B30DFE-3E17-4E6F-854E-5A240E5DBCA6}.Release|TwinCAT OS (ARMV7-M).Build.0 = Release|TwinCAT OS (ARMV7-M)
		{97B30DFE-3E17-4E6F-854E-5A240E5DBCA6}.Release|TwinCAT OS (ARMV8-A).ActiveCfg = Release|TwinCAT OS (ARMV8-A)
		{97B30DFE-3E17-4E6F-854E-5A240E5DBCA6}.Release|TwinCAT OS (ARMV8-A).Build.0 = Release|TwinCAT OS (ARMV8-A)
		{97B30DFE-3E17-4E6F-854E-5A240E5DBCA6}.Release|TwinCAT OS (x64).ActiveCfg = Release|TwinCAT OS (x64)
		{97B30DFE-3E17-4E6F-854E-5A240E5DBCA6}.Release|TwinCAT OS (x64).Build.0 = Release|TwinCAT OS (x64)
		{97B30DFE-3E17-4E6F-854E-5A240E5DBCA6}.Release|TwinCAT RT (x64).ActiveCfg = Release|TwinCAT RT (x64)
		{97B30DFE-3E17-4E6F-854E-5A240E5DBCA6}.Release|TwinCAT RT (x64).Build.0 = Release|TwinCAT RT (x64)
		{97B30DFE-3E17-4E6F-854E-5A240E5DBCA6}.Release|TwinCAT RT (x86).ActiveCfg = Release|TwinCAT RT (x86)
		{97B30DFE-3E17-4E6F-854E-5A240E5DBCA6}.Release|TwinCAT RT (x86).Build.0 = Release|TwinCAT RT (x86)
		{AC376F8D-7752-4726-A4FE-F5FC9287341B}.Debug|TwinCAT OS (ARMV7-A).ActiveCfg = Debug|TwinCAT OS (ARMV7-A)
		{AC376F8D-7752-4726-A4FE-F5FC9287341B}.Debug|TwinCAT OS (ARMV7-A).Build.0 = Debug|TwinCAT OS (ARMV7-A)
		{AC376F8D-7752-4726-A4FE-F5FC9287341B}.Debug|TwinCAT OS (ARMV7-M).ActiveCfg = Debug|TwinCAT OS (ARMV7-M)
		{AC376F8D-7752-4726-A4FE-F5FC9287341B}.Debug|TwinCAT OS (ARMV7-M).Build.0 = Debug|TwinCAT OS (ARMV7-M)
		{AC376F8D-7752-4726-A4FE-F5FC9287341B}.Debug|TwinCAT OS (ARMV8-A).ActiveCfg = Debug|TwinCAT OS (ARMV8-A)
		{AC376F8D-7752-4726-A4FE-F5FC9287341B}.Debug|TwinCAT OS (ARMV8-A).Build.0 = Debug|TwinCAT OS (ARMV8-A)
		{AC376F8D-7752-4726-A4FE-F5FC9287341B}.Debug|TwinCAT OS (x64).ActiveCfg = Debug|TwinCAT OS (x64)
		{AC376F8D-7752-4726-A4FE-F5FC9287341B}.Debug|TwinCAT OS (x64).Build.0 = Debug|TwinCAT OS (x64)
		{AC376F8D-7752-4726-A4FE-F5FC9287341B}.Debug|TwinCAT RT (x64).ActiveCfg = Debug|TwinCAT RT (x64)
		{AC376F8D-7752-4726-A4FE-F5FC9287341B}.Debug|TwinCAT RT (x64).Build.0 = Debug|TwinCAT RT (x64)
		{AC376F8D-7752-4726-A4FE-F5FC9287341B}.Debug|TwinCAT RT (x86).ActiveCfg = Debug|TwinCAT RT (x86)
		{AC376F8D-7752-4726-A4FE-F5FC9287341B}.Debug|TwinCAT RT (x86).Build.0 = Debug|TwinCAT RT (x86)
		{AC376F8D-7752-4726-A4FE-F5FC9287341B}.Release|TwinCAT OS (ARMV7-A).ActiveCfg = Release|TwinCAT OS (ARMV7-A)
		{AC376F8D-7752-4726-A4FE-F5FC9287341B}.Release|TwinCAT OS (ARMV7-A).Build.0 = Release|TwinCAT OS (ARMV7-A)
		{AC376F8D-7752-4726-A4FE-F5FC9287341B}.Release|TwinCAT OS (ARMV7-M).ActiveCfg = Release|TwinCAT OS (ARMV7-M)
		{AC376F8D-7752-4726-A4FE-F5FC9287341B}.Release|TwinCAT OS (ARMV7-M).Build.0 = Release|TwinCAT OS (ARMV7-M)
		{AC376F8D-7752-4726-A4FE-F5FC9287341B}.Release|TwinCAT OS (ARMV8-A).ActiveCfg = Release|TwinCAT OS (ARMV8-A)
		{AC376F8D-7752-4726-A4FE-F5FC9287341B}.Release|TwinCAT OS (ARMV8-A).Build.0 = Release|TwinCAT OS (ARMV8-A)
		{AC376F8D-7752-4726-A4FE-F5FC9287341B}.Release|TwinCAT OS (x64).ActiveCfg = Release|TwinCAT OS (x64)
		{AC376F8D-7752-4726-A4FE-F5FC9287341B}.Release|TwinCAT OS (x64).Build.0 = Release|TwinCAT OS (x64)
		{AC376F8D-7752-4726-A4FE-F5FC9287341B}.Release|TwinCAT RT (x64).ActiveCfg = Release|TwinCAT RT (x64)
		{AC376F8D-7752-4726-A4FE-F5FC9287341B}.Release|TwinCAT RT (x64).Build.0 = Release|TwinCAT RT (x64)
		{AC376F8D-7752-4726-A4FE-F5FC9287341B}.Release|TwinCAT RT (x86).ActiveCfg = Release|TwinCAT RT (x86)
		{AC376F8D-7752-4726-A4FE-F5FC9287341B}.Release|TwinCAT RT (x86).Build.0 = Release|TwinCAT RT (x86)
	EndGlobalSection
	GlobalSection(SolutionProperties) = preSolution
		HideSolutionNode = FALSE
	EndGlobalSection
	GlobalSection(ExtensibilityGlobals) = postSolution
		SolutionGuid = {86B56295-D440-403D-AF62-085FDF41BF12}
	EndGlobalSection
EndGlobal
